{
  "name": "wasm-from-rust-nodejs",
  "version": "1.0.0",
  "lockfileVersion": 2,
  "requires": true,
  "packages": {
    "": {
      "name": "wasm-from-rust-nodejs",
      "version": "1.0.0",
      "license": "ISC",
      "dependencies": {
        "wasm-from-rust": "file:../wasm-from-rust/wasm-nodejs"
      },
      "devDependencies": {
        "@types/node": "^16.11.12"
      }
    },
    "../wasm-from-rust/wasm-nodejs": {
      "name": "wasm-from-rust",
      "version": "0.1.0"
    },
    "node_modules/@types/node": {
      "version": "16.11.12",
      "resolved": "https://registry.npmjs.org/@types/node/-/node-16.11.12.tgz",
      "integrity": "sha512-+2Iggwg7PxoO5Kyhvsq9VarmPbIelXP070HMImEpbtGCoyWNINQj4wzjbQCXzdHTRXnqufutJb5KAURZANNBAw==",
      "dev": true
    },
    "node_modules/wasm-from-rust": {
      "resolved": "../wasm-from-rust/wasm-nodejs",
      "link": true
    }
  },
  "dependencies": {
    "@types/node": {
      "version": "16.11.12",
      "resolved": "https://registry.npmjs.org/@types/node/-/node-16.11.12.tgz",
      "integrity": "sha512-+2Iggwg7PxoO5Kyhvsq9VarmPbIelXP070HMImEpbtGCoyWNINQj4wzjbQCXzdHTRXnqufutJb5KAURZANNBAw==",
      "dev": true
    },
    "wasm-from-rust": {
      "version": "file:../wasm-from-rust/wasm-nodejs"
    }
  }
}
